
Microsoft Visual Studio Solution File, Format Version 12.00
# Visual Studio Version 16
VisualStudioVersion = 16.0.31605.320
MinimumVisualStudioVersion = 10.0.40219.1
Project("{FAE04EC0-301F-11D3-BF4B-00C04F79EFBC}") = "GorevTakipApi", "GorevTakipApi\GorevTakipApi.csproj", "{B3F6E3BB-8433-46B4-AC84-FE6ECE9C293B}"
EndProject
Global
	GlobalSection(SolutionConfigurationPlatforms) = preSolution
		Debug|Any CPU = Debug|Any CPU
		Release|Any CPU = Release|Any CPU
	EndGlobalSection
	GlobalSection(ProjectConfigurationPlatforms) = postSolution
		{B3F6E3BB-8433-46B4-AC84-FE6ECE9C293B}.Debug|Any CPU.ActiveCfg = Debug|Any CPU
		{B3F6E3BB-8433-46B4-AC84-FE6ECE9C293B}.Debug|Any CPU.Build.0 = Debug|Any CPU
		{B3F6E3BB-8433-46B4-AC84-FE6ECE9C293B}.Release|Any CPU.ActiveCfg = Release|Any CPU
		{B3F6E3BB-8433-46B4-AC84-FE6ECE9C293B}.Release|Any CPU.Build.0 = Release|Any CPU
	EndGlobalSection
	GlobalSection(SolutionProperties) = preSolution
		HideSolutionNode = FALSE
	EndGlobalSection
	GlobalSection(ExtensibilityGlobals) = postSolution
		SolutionGuid = {F4454E3B-CB40-4EBB-9209-4A0032A11AC5}
	EndGlobalSection
EndGlobal
